
Microsoft Visual Studio Solution File, Format Version 12.00
# Visual Studio Version 16
VisualStudioVersion = 16.0.30002.166
MinimumVisualStudioVersion = 10.0.40219.1
Project("{FAE04EC0-301F-11D3-BF4B-00C04F79EFBC}") = "Web", "Web\Web.csproj", "{A8FEB5C9-717D-43A3-84E6-2D401C2D54CA}"
EndProject
Project("{FAE04EC0-301F-11D3-BF4B-00C04F79EFBC}") = "Core", "Core\Core.csproj", "{36627B41-7117-4464-A253-ED7005B2548E}"
EndProject
Project("{FAE04EC0-301F-11D3-BF4B-00C04F79EFBC}") = "Infrastructure", "Infrastructure\Infrastructure.csproj", "{CCC25F80-B624-4193-A849-263DD253A5F2}"
EndProject
Global
	GlobalSection(SolutionConfigurationPlatforms) = preSolution
		Debug|Any CPU = Debug|Any CPU
		Release|Any CPU = Release|Any CPU
	EndGlobalSection
	GlobalSection(ProjectConfigurationPlatforms) = postSolution
		{A8FEB5C9-717D-43A3-84E6-2D401C2D54CA}.Debug|Any CPU.ActiveCfg = Debug|Any CPU
		{A8FEB5C9-717D-43A3-84E6-2D401C2D54CA}.Debug|Any CPU.Build.0 = Debug|Any CPU
		{A8FEB5C9-717D-43A3-84E6-2D401C2D54CA}.Release|Any CPU.ActiveCfg = Release|Any CPU
		{A8FEB5C9-717D-43A3-84E6-2D401C2D54CA}.Release|Any CPU.Build.0 = Release|Any CPU
		{36627B41-7117-4464-A253-ED7005B2548E}.Debug|Any CPU.ActiveCfg = Debug|Any CPU
		{36627B41-7117-4464-A253-ED7005B2548E}.Debug|Any CPU.Build.0 = Debug|Any CPU
		{36627B41-7117-4464-A253-ED7005B2548E}.Release|Any CPU.ActiveCfg = Release|Any CPU
		{36627B41-7117-4464-A253-ED7005B2548E}.Release|Any CPU.Build.0 = Release|Any CPU
		{CCC25F80-B624-4193-A849-263DD253A5F2}.Debug|Any CPU.ActiveCfg = Debug|Any CPU
		{CCC25F80-B624-4193-A849-263DD253A5F2}.Debug|Any CPU.Build.0 = Debug|Any CPU
		{CCC25F80-B624-4193-A849-263DD253A5F2}.Release|Any CPU.ActiveCfg = Release|Any CPU
		{CCC25F80-B624-4193-A849-263DD253A5F2}.Release|Any CPU.Build.0 = Release|Any CPU
	EndGlobalSection
	GlobalSection(SolutionProperties) = preSolution
		HideSolutionNode = FALSE
	EndGlobalSection
	GlobalSection(ExtensibilityGlobals) = postSolution
		SolutionGuid = {818D307E-02F1-42E7-981A-862D07796566}
	EndGlobalSection
EndGlobal
